// !$*UTF8*$!
{
	archiveVersion = 1;
	classes = {
	};
	objectVersion = 46;
	objects = {

/* Begin PBXBuildFile section */
		BA3E9F6614B1589D00006CC4 /* BibleReadingMenulet.icns in Resources */ = {isa = PBXBuildFile; fileRef = BA3E9F6514B1589D00006CC4 /* BibleReadingMenulet.icns */; };
		BA6E11EC15CB4E420058DEE5 /* ScheduleChronologically.csv in Resources */ = {isa = PBXBuildFile; fileRef = BA6E11EB15CB4E420058DEE5 /* ScheduleChronologically.csv */; };
		BA7BC4CF14A97E5A00740694 /* SchedulePanelController.m in Sources */ = {isa = PBXBuildFile; fileRef = BA7BC4CE14A97E5A00740694 /* SchedulePanelController.m */; };
		BA94AB55149704D30040164E /* Cocoa.framework in Frameworks */ = {isa = PBXBuildFile; fileRef = BA94AB54149704D30040164E /* Cocoa.framework */; };
		BA94AB5F149704D30040164E /* InfoPlist.strings in Resources */ = {isa = PBXBuildFile; fileRef = BA94AB5D149704D30040164E /* InfoPlist.strings */; };
		BA94AB61149704D30040164E /* main.m in Sources */ = {isa = PBXBuildFile; fileRef = BA94AB60149704D30040164E /* main.m */; };
		BA94AB65149704D30040164E /* Credits.rtf in Resources */ = {isa = PBXBuildFile; fileRef = BA94AB63149704D30040164E /* Credits.rtf */; };
		BA94AB68149704D30040164E /* AppDelegate.m in Sources */ = {isa = PBXBuildFile; fileRef = BA94AB67149704D30040164E /* AppDelegate.m */; };
		BA94AB6B149704D30040164E /* MainMenu.xib in Resources */ = {isa = PBXBuildFile; fileRef = BA94AB69149704D30040164E /* MainMenu.xib */; };
		BA94AB7614970A750040164E /* Schedule.csv in Resources */ = {isa = PBXBuildFile; fileRef = BA94AB7514970A750040164E /* Schedule.csv */; };
		BA94AB8B149BFA140040164E /* Utility.mm in Sources */ = {isa = PBXBuildFile; fileRef = BA94AB8A149BFA140040164E /* Utility.mm */; };
		BA94AB92149E94C10040164E /* Schedule.m in Sources */ = {isa = PBXBuildFile; fileRef = BA94AB91149E94C00040164E /* Schedule.m */; };
		BA99DD4614B0009A00C54386 /* SchedulePanel.xib in Resources */ = {isa = PBXBuildFile; fileRef = BA99DD4414B0009A00C54386 /* SchedulePanel.xib */; };
		BA99DD4914B0017700C54386 /* SchedulePanel.strings in Resources */ = {isa = PBXBuildFile; fileRef = BA99DD4714B0017700C54386 /* SchedulePanel.strings */; };
		BA99DD4E14B0039D00C54386 /* MainMenu.strings in Resources */ = {isa = PBXBuildFile; fileRef = BA99DD4C14B0039D00C54386 /* MainMenu.strings */; };
		BA99DD5214B0060300C54386 /* Localizable.strings in Resources */ = {isa = PBXBuildFile; fileRef = BA99DD5014B0060300C54386 /* Localizable.strings */; };
		BAC3857514B92D9900A71AC6 /* ScheduleThematically.csv in Resources */ = {isa = PBXBuildFile; fileRef = BAC3857414B92D9900A71AC6 /* ScheduleThematically.csv */; };
		BAC99BAE15C386F200057CB2 /* Template.html in Resources */ = {isa = PBXBuildFile; fileRef = BAC99BAD15C386F200057CB2 /* Template.html */; };
		BAC99BC215C4326000057CB2 /* html in Resources */ = {isa = PBXBuildFile; fileRef = BAC99BC115C4326000057CB2 /* html */; };
		BACE777814A9692E00855A1C /* LaunchAtLoginController.m in Sources */ = {isa = PBXBuildFile; fileRef = BACE777714A9692E00855A1C /* LaunchAtLoginController.m */; };
		BAEB0BFA14A40BAD006CBFD0 /* LanguageInformation.mm in Sources */ = {isa = PBXBuildFile; fileRef = BAEB0BF914A40BAD006CBFD0 /* LanguageInformation.mm */; };
/* End PBXBuildFile section */

/* Begin PBXFileReference section */
		BA3E9F6514B1589D00006CC4 /* BibleReadingMenulet.icns */ = {isa = PBXFileReference; lastKnownFileType = image.icns; path = BibleReadingMenulet.icns; sourceTree = "<group>"; };
		BA6E11EB15CB4E420058DEE5 /* ScheduleChronologically.csv */ = {isa = PBXFileReference; fileEncoding = 4; lastKnownFileType = text; path = ScheduleChronologically.csv; sourceTree = "<group>"; };
		BA7BC4CD14A97E5A00740694 /* SchedulePanelController.h */ = {isa = PBXFileReference; fileEncoding = 4; lastKnownFileType = sourcecode.c.h; path = SchedulePanelController.h; sourceTree = "<group>"; };
		BA7BC4CE14A97E5A00740694 /* SchedulePanelController.m */ = {isa = PBXFileReference; fileEncoding = 4; lastKnownFileType = sourcecode.c.objc; path = SchedulePanelController.m; sourceTree = "<group>"; };
		BA94AB50149704D30040164E /* BibleReadingMenulet.app */ = {isa = PBXFileReference; explicitFileType = wrapper.application; includeInIndex = 0; path = BibleReadingMenulet.app; sourceTree = BUILT_PRODUCTS_DIR; };
		BA94AB54149704D30040164E /* Cocoa.framework */ = {isa = PBXFileReference; lastKnownFileType = wrapper.framework; name = Cocoa.framework; path = System/Library/Frameworks/Cocoa.framework; sourceTree = SDKROOT; };
		BA94AB57149704D30040164E /* AppKit.framework */ = {isa = PBXFileReference; lastKnownFileType = wrapper.framework; name = AppKit.framework; path = System/Library/Frameworks/AppKit.framework; sourceTree = SDKROOT; };
		BA94AB58149704D30040164E /* CoreData.framework */ = {isa = PBXFileReference; lastKnownFileType = wrapper.framework; name = CoreData.framework; path = System/Library/Frameworks/CoreData.framework; sourceTree = SDKROOT; };
		BA94AB59149704D30040164E /* Foundation.framework */ = {isa = PBXFileReference; lastKnownFileType = wrapper.framework; name = Foundation.framework; path = System/Library/Frameworks/Foundation.framework; sourceTree = SDKROOT; };
		BA94AB5C149704D30040164E /* BibleReadingMenulet-Info.plist */ = {isa = PBXFileReference; lastKnownFileType = text.plist.xml; path = "BibleReadingMenulet-Info.plist"; sourceTree = "<group>"; };
		BA94AB5E149704D30040164E /* en */ = {isa = PBXFileReference; lastKnownFileType = text.plist.strings; name = en; path = en.lproj/InfoPlist.strings; sourceTree = "<group>"; };
		BA94AB60149704D30040164E /* main.m */ = {isa = PBXFileReference; lastKnownFileType = sourcecode.c.objc; path = main.m; sourceTree = "<group>"; };
		BA94AB62149704D30040164E /* BibleReadingMenulet-Prefix.pch */ = {isa = PBXFileReference; lastKnownFileType = sourcecode.c.h; path = "BibleReadingMenulet-Prefix.pch"; sourceTree = "<group>"; };
		BA94AB64149704D30040164E /* en */ = {isa = PBXFileReference; lastKnownFileType = text.rtf; name = en; path = en.lproj/Credits.rtf; sourceTree = "<group>"; };
		BA94AB66149704D30040164E /* AppDelegate.h */ = {isa = PBXFileReference; lastKnownFileType = sourcecode.c.h; path = AppDelegate.h; sourceTree = "<group>"; };
		BA94AB67149704D30040164E /* AppDelegate.m */ = {isa = PBXFileReference; lastKnownFileType = sourcecode.c.objc; path = AppDelegate.m; sourceTree = "<group>"; };
		BA94AB6A149704D30040164E /* en */ = {isa = PBXFileReference; lastKnownFileType = file.xib; name = en; path = en.lproj/MainMenu.xib; sourceTree = "<group>"; };
		BA94AB7514970A750040164E /* Schedule.csv */ = {isa = PBXFileReference; fileEncoding = 4; lastKnownFileType = text; path = Schedule.csv; sourceTree = "<group>"; };
		BA94AB88149BF9CE0040164E /* Utility.h */ = {isa = PBXFileReference; fileEncoding = 4; lastKnownFileType = sourcecode.c.h; path = Utility.h; sourceTree = "<group>"; };
		BA94AB8A149BFA140040164E /* Utility.mm */ = {isa = PBXFileReference; fileEncoding = 4; lastKnownFileType = sourcecode.cpp.objcpp; path = Utility.mm; sourceTree = "<group>"; };
		BA94AB90149E94C00040164E /* Schedule.h */ = {isa = PBXFileReference; fileEncoding = 4; lastKnownFileType = sourcecode.c.h; path = Schedule.h; sourceTree = "<group>"; };
		BA94AB91149E94C00040164E /* Schedule.m */ = {isa = PBXFileReference; fileEncoding = 4; lastKnownFileType = sourcecode.c.objc; path = Schedule.m; sourceTree = "<group>"; };
		BA99DD4514B0009A00C54386 /* en */ = {isa = PBXFileReference; lastKnownFileType = file.xib; name = en; path = en.lproj/SchedulePanel.xib; sourceTree = "<group>"; };
		BA99DD4814B0017700C54386 /* en */ = {isa = PBXFileReference; fileEncoding = 4; lastKnownFileType = text.plist.strings; name = en; path = en.lproj/SchedulePanel.strings; sourceTree = "<group>"; };
		BA99DD4A14B001AC00C54386 /* ja */ = {isa = PBXFileReference; fileEncoding = 4; lastKnownFileType = text.plist.strings; name = ja; path = ja.lproj/SchedulePanel.strings; sourceTree = "<group>"; };
		BA99DD4B14B0031400C54386 /* ja */ = {isa = PBXFileReference; lastKnownFileType = file.xib; name = ja; path = ja.lproj/SchedulePanel.xib; sourceTree = "<group>"; };
		BA99DD4D14B0039D00C54386 /* en */ = {isa = PBXFileReference; fileEncoding = 10; lastKnownFileType = text.plist.strings; name = en; path = en.lproj/MainMenu.strings; sourceTree = "<group>"; };
		BA99DD4F14B003AA00C54386 /* ja */ = {isa = PBXFileReference; fileEncoding = 10; lastKnownFileType = text.plist.strings; name = ja; path = ja.lproj/MainMenu.strings; sourceTree = "<group>"; };
		BA99DD5114B0060300C54386 /* en */ = {isa = PBXFileReference; lastKnownFileType = text.plist.strings; name = en; path = en.lproj/Localizable.strings; sourceTree = "<group>"; };
		BA99DD5314B0061200C54386 /* ja */ = {isa = PBXFileReference; lastKnownFileType = text.plist.strings; name = ja; path = ja.lproj/Localizable.strings; sourceTree = "<group>"; };
		BABC3B3014A6744B0089FEC9 /* ja */ = {isa = PBXFileReference; lastKnownFileType = file.xib; name = ja; path = ja.lproj/MainMenu.xib; sourceTree = "<group>"; };
		BAC3857414B92D9900A71AC6 /* ScheduleThematically.csv */ = {isa = PBXFileReference; fileEncoding = 4; lastKnownFileType = text; path = ScheduleThematically.csv; sourceTree = "<group>"; };
		BAC99BAD15C386F200057CB2 /* Template.html */ = {isa = PBXFileReference; fileEncoding = 4; lastKnownFileType = text.html; path = Template.html; sourceTree = "<group>"; };
		BAC99BC115C4326000057CB2 /* html */ = {isa = PBXFileReference; lastKnownFileType = folder; path = html; sourceTree = "<group>"; };
		BACE777614A9692E00855A1C /* LaunchAtLoginController.h */ = {isa = PBXFileReference; fileEncoding = 4; lastKnownFileType = sourcecode.c.h; name = LaunchAtLoginController.h; path = LaunchAtLoginController/LaunchAtLoginController.h; sourceTree = SOURCE_ROOT; };
		BACE777714A9692E00855A1C /* LaunchAtLoginController.m */ = {isa = PBXFileReference; fileEncoding = 4; lastKnownFileType = sourcecode.c.objc; name = LaunchAtLoginController.m; path = LaunchAtLoginController/LaunchAtLoginController.m; sourceTree = SOURCE_ROOT; };
		BAEB0BF514A40AE8006CBFD0 /* LanguageInformation.h */ = {isa = PBXFileReference; fileEncoding = 4; lastKnownFileType = sourcecode.c.h; path = LanguageInformation.h; sourceTree = "<group>"; };
		BAEB0BF914A40BAD006CBFD0 /* LanguageInformation.mm */ = {isa = PBXFileReference; fileEncoding = 4; lastKnownFileType = sourcecode.cpp.objcpp; path = LanguageInformation.mm; sourceTree = "<group>"; };
/* End PBXFileReference section */

/* Begin PBXFrameworksBuildPhase section */
		BA94AB4D149704D30040164E /* Frameworks */ = {
			isa = PBXFrameworksBuildPhase;
			buildActionMask = 2147483647;
			files = (
				BA94AB55149704D30040164E /* Cocoa.framework in Frameworks */,
			);
			runOnlyForDeploymentPostprocessing = 0;
		};
/* End PBXFrameworksBuildPhase section */

/* Begin PBXGroup section */
		BA94AB45149704D30040164E = {
			isa = PBXGroup;
			children = (
				BA94AB5A149704D30040164E /* BibleReadingMenulet */,
				BA94AB53149704D30040164E /* Frameworks */,
				BA94AB51149704D30040164E /* Products */,
			);
			sourceTree = "<group>";
		};
		BA94AB51149704D30040164E /* Products */ = {
			isa = PBXGroup;
			children = (
				BA94AB50149704D30040164E /* BibleReadingMenulet.app */,
			);
			name = Products;
			sourceTree = "<group>";
		};
		BA94AB53149704D30040164E /* Frameworks */ = {
			isa = PBXGroup;
			children = (
				BA94AB54149704D30040164E /* Cocoa.framework */,
				BA94AB56149704D30040164E /* Other Frameworks */,
			);
			name = Frameworks;
			sourceTree = "<group>";
		};
		BA94AB56149704D30040164E /* Other Frameworks */ = {
			isa = PBXGroup;
			children = (
				BA94AB57149704D30040164E /* AppKit.framework */,
				BA94AB58149704D30040164E /* CoreData.framework */,
				BA94AB59149704D30040164E /* Foundation.framework */,
			);
			name = "Other Frameworks";
			sourceTree = "<group>";
		};
		BA94AB5A149704D30040164E /* BibleReadingMenulet */ = {
			isa = PBXGroup;
			children = (
				BA94AB62149704D30040164E /* BibleReadingMenulet-Prefix.pch */,
				BA94AB66149704D30040164E /* AppDelegate.h */,
				BA94AB67149704D30040164E /* AppDelegate.m */,
				BA94AB88149BF9CE0040164E /* Utility.h */,
				BA94AB8A149BFA140040164E /* Utility.mm */,
				BAEB0BF514A40AE8006CBFD0 /* LanguageInformation.h */,
				BAEB0BF914A40BAD006CBFD0 /* LanguageInformation.mm */,
				BA94AB90149E94C00040164E /* Schedule.h */,
				BA94AB91149E94C00040164E /* Schedule.m */,
				BA7BC4CD14A97E5A00740694 /* SchedulePanelController.h */,
				BA7BC4CE14A97E5A00740694 /* SchedulePanelController.m */,
				BACE777614A9692E00855A1C /* LaunchAtLoginController.h */,
				BACE777714A9692E00855A1C /* LaunchAtLoginController.m */,
				BA94AB60149704D30040164E /* main.m */,
				BA94AB69149704D30040164E /* MainMenu.xib */,
				BA99DD4414B0009A00C54386 /* SchedulePanel.xib */,
				BA94AB5B149704D30040164E /* Supporting Files */,
			);
			path = BibleReadingMenulet;
			sourceTree = "<group>";
		};
		BA94AB5B149704D30040164E /* Supporting Files */ = {
			isa = PBXGroup;
			children = (
				BAC99BC115C4326000057CB2 /* html */,
				BAC99BAD15C386F200057CB2 /* Template.html */,
				BA94AB7514970A750040164E /* Schedule.csv */,
				BA6E11EB15CB4E420058DEE5 /* ScheduleChronologically.csv */,
				BAC3857414B92D9900A71AC6 /* ScheduleThematically.csv */,
				BA3E9F6514B1589D00006CC4 /* BibleReadingMenulet.icns */,
				BA99DD5014B0060300C54386 /* Localizable.strings */,
				BA99DD4C14B0039D00C54386 /* MainMenu.strings */,
				BA99DD4714B0017700C54386 /* SchedulePanel.strings */,
				BA94AB5C149704D30040164E /* BibleReadingMenulet-Info.plist */,
				BA94AB5D149704D30040164E /* InfoPlist.strings */,
				BA94AB63149704D30040164E /* Credits.rtf */,
			);
			name = "Supporting Files";
			sourceTree = "<group>";
		};
/* End PBXGroup section */

/* Begin PBXNativeTarget section */
		BA94AB4F149704D30040164E /* BibleReadingMenulet */ = {
			isa = PBXNativeTarget;
			buildConfigurationList = BA94AB6E149704D30040164E /* Build configuration list for PBXNativeTarget "BibleReadingMenulet" */;
			buildPhases = (
				BA94AB4C149704D30040164E /* Sources */,
				BA94AB4D149704D30040164E /* Frameworks */,
				BA94AB4E149704D30040164E /* Resources */,
			);
			buildRules = (
			);
			dependencies = (
			);
			name = BibleReadingMenulet;
			productName = BibleReadingMenulet;
			productReference = BA94AB50149704D30040164E /* BibleReadingMenulet.app */;
			productType = "com.apple.product-type.application";
		};
/* End PBXNativeTarget section */

/* Begin PBXProject section */
		BA94AB47149704D30040164E /* Project object */ = {
			isa = PBXProject;
			attributes = {
				LastUpgradeCheck = 0440;
				ORGANIZATIONNAME = "Yuji Hirose";
			};
			buildConfigurationList = BA94AB4A149704D30040164E /* Build configuration list for PBXProject "BibleReadingMenulet" */;
			compatibilityVersion = "Xcode 3.2";
			developmentRegion = English;
			hasScannedForEncodings = 0;
			knownRegions = (
				en,
				ja,
			);
			mainGroup = BA94AB45149704D30040164E;
			productRefGroup = BA94AB51149704D30040164E /* Products */;
			projectDirPath = "";
			projectRoot = "";
			targets = (
				BA94AB4F149704D30040164E /* BibleReadingMenulet */,
			);
		};
/* End PBXProject section */

/* Begin PBXResourcesBuildPhase section */
		BA94AB4E149704D30040164E /* Resources */ = {
			isa = PBXResourcesBuildPhase;
			buildActionMask = 2147483647;
			files = (
				BA94AB5F149704D30040164E /* InfoPlist.strings in Resources */,
				BA94AB65149704D30040164E /* Credits.rtf in Resources */,
				BA94AB6B149704D30040164E /* MainMenu.xib in Resources */,
				BA94AB7614970A750040164E /* Schedule.csv in Resources */,
				BA99DD4614B0009A00C54386 /* SchedulePanel.xib in Resources */,
				BA99DD4914B0017700C54386 /* SchedulePanel.strings in Resources */,
				BA99DD4E14B0039D00C54386 /* MainMenu.strings in Resources */,
				BA99DD5214B0060300C54386 /* Localizable.strings in Resources */,
				BA3E9F6614B1589D00006CC4 /* BibleReadingMenulet.icns in Resources */,
				BAC3857514B92D9900A71AC6 /* ScheduleThematically.csv in Resources */,
				BAC99BAE15C386F200057CB2 /* Template.html in Resources */,
				BAC99BC215C4326000057CB2 /* html in Resources */,
				BA6E11EC15CB4E420058DEE5 /* ScheduleChronologically.csv in Resources */,
			);
			runOnlyForDeploymentPostprocessing = 0;
		};
/* End PBXResourcesBuildPhase section */

/* Begin PBXSourcesBuildPhase section */
		BA94AB4C149704D30040164E /* Sources */ = {
			isa = PBXSourcesBuildPhase;
			buildActionMask = 2147483647;
			files = (
				BA94AB61149704D30040164E /* main.m in Sources */,
				BA94AB68149704D30040164E /* AppDelegate.m in Sources */,
				BA94AB8B149BFA140040164E /* Utility.mm in Sources */,
				BA94AB92149E94C10040164E /* Schedule.m in Sources */,
				BAEB0BFA14A40BAD006CBFD0 /* LanguageInformation.mm in Sources */,
				BACE777814A9692E00855A1C /* LaunchAtLoginController.m in Sources */,
				BA7BC4CF14A97E5A00740694 /* SchedulePanelController.m in Sources */,
			);
			runOnlyForDeploymentPostprocessing = 0;
		};
/* End PBXSourcesBuildPhase section */

/* Begin PBXVariantGroup section */
		BA94AB5D149704D30040164E /* InfoPlist.strings */ = {
			isa = PBXVariantGroup;
			children = (
				BA94AB5E149704D30040164E /* en */,
			);
			name = InfoPlist.strings;
			sourceTree = "<group>";
		};
		BA94AB63149704D30040164E /* Credits.rtf */ = {
			isa = PBXVariantGroup;
			children = (
				BA94AB64149704D30040164E /* en */,
			);
			name = Credits.rtf;
			sourceTree = "<group>";
		};
		BA94AB69149704D30040164E /* MainMenu.xib */ = {
			isa = PBXVariantGroup;
			children = (
				BA94AB6A149704D30040164E /* en */,
				BABC3B3014A6744B0089FEC9 /* ja */,
			);
			name = MainMenu.xib;
			sourceTree = "<group>";
		};
		BA99DD4414B0009A00C54386 /* SchedulePanel.xib */ = {
			isa = PBXVariantGroup;
			children = (
				BA99DD4514B0009A00C54386 /* en */,
				BA99DD4B14B0031400C54386 /* ja */,
			);
			name = SchedulePanel.xib;
			sourceTree = "<group>";
		};
		BA99DD4714B0017700C54386 /* SchedulePanel.strings */ = {
			isa = PBXVariantGroup;
			children = (
				BA99DD4814B0017700C54386 /* en */,
				BA99DD4A14B001AC00C54386 /* ja */,
			);
			name = SchedulePanel.strings;
			sourceTree = "<group>";
		};
		BA99DD4C14B0039D00C54386 /* MainMenu.strings */ = {
			isa = PBXVariantGroup;
			children = (
				BA99DD4D14B0039D00C54386 /* en */,
				BA99DD4F14B003AA00C54386 /* ja */,
			);
			name = MainMenu.strings;
			sourceTree = "<group>";
		};
		BA99DD5014B0060300C54386 /* Localizable.strings */ = {
			isa = PBXVariantGroup;
			children = (
				BA99DD5114B0060300C54386 /* en */,
				BA99DD5314B0061200C54386 /* ja */,
			);
			name = Localizable.strings;
			sourceTree = "<group>";
		};
/* End PBXVariantGroup section */

/* Begin XCBuildConfiguration section */
		BA94AB6C149704D30040164E /* Debug */ = {
			isa = XCBuildConfiguration;
			buildSettings = {
				ALWAYS_SEARCH_USER_PATHS = NO;
				ARCHS = "$(ARCHS_STANDARD_64_BIT)";
				CLANG_ENABLE_OBJC_ARC = YES;
				COPY_PHASE_STRIP = NO;
				GCC_C_LANGUAGE_STANDARD = gnu99;
				GCC_DYNAMIC_NO_PIC = NO;
				GCC_ENABLE_OBJC_EXCEPTIONS = YES;
				GCC_ENABLE_OBJC_GC = unsupported;
				GCC_OPTIMIZATION_LEVEL = 0;
				GCC_PREPROCESSOR_DEFINITIONS = (
					"DEBUG=1",
					"$(inherited)",
				);
				GCC_SYMBOLS_PRIVATE_EXTERN = NO;
				GCC_VERSION = com.apple.compilers.llvm.clang.1_0;
				GCC_WARN_64_TO_32_BIT_CONVERSION = YES;
				GCC_WARN_ABOUT_MISSING_PROTOTYPES = YES;
				GCC_WARN_ABOUT_RETURN_TYPE = YES;
				GCC_WARN_UNUSED_VARIABLE = YES;
				MACOSX_DEPLOYMENT_TARGET = 10.6;
				ONLY_ACTIVE_ARCH = YES;
				SDKROOT = macosx;
			};
			name = Debug;
		};
		BA94AB6D149704D30040164E /* Release */ = {
			isa = XCBuildConfiguration;
			buildSettings = {
				ALWAYS_SEARCH_USER_PATHS = NO;
				ARCHS = "$(ARCHS_STANDARD_64_BIT)";
				CLANG_ENABLE_OBJC_ARC = YES;
				COPY_PHASE_STRIP = YES;
				DEBUG_INFORMATION_FORMAT = "dwarf-with-dsym";
				GCC_C_LANGUAGE_STANDARD = gnu99;
				GCC_ENABLE_OBJC_EXCEPTIONS = YES;
				GCC_ENABLE_OBJC_GC = unsupported;
				GCC_VERSION = com.apple.compilers.llvm.clang.1_0;
				GCC_WARN_64_TO_32_BIT_CONVERSION = YES;
				GCC_WARN_ABOUT_MISSING_PROTOTYPES = YES;
				GCC_WARN_ABOUT_RETURN_TYPE = YES;
				GCC_WARN_UNUSED_VARIABLE = YES;
				MACOSX_DEPLOYMENT_TARGET = 10.6;
				SDKROOT = macosx;
			};
			name = Release;
		};
		BA94AB6F149704D30040164E /* Debug */ = {
			isa = XCBuildConfiguration;
			buildSettings = {
				CLANG_CXX_LANGUAGE_STANDARD = "c++0x";
				CLANG_ENABLE_OBJC_ARC = YES;
				COMBINE_HIDPI_IMAGES = YES;
				GCC_PRECOMPILE_PREFIX_HEADER = YES;
				GCC_PREFIX_HEADER = "BibleReadingMenulet/BibleReadingMenulet-Prefix.pch";
				INFOPLIST_FILE = "BibleReadingMenulet/BibleReadingMenulet-Info.plist";
				MACOSX_DEPLOYMENT_TARGET = 10.6;
				PRODUCT_NAME = "$(TARGET_NAME)";
				WRAPPER_EXTENSION = app;
			};
			name = Debug;
		};
		BA94AB70149704D30040164E /* Release */ = {
			isa = XCBuildConfiguration;
			buildSettings = {
				CLANG_CXX_LANGUAGE_STANDARD = "c++0x";
				CLANG_ENABLE_OBJC_ARC = YES;
				COMBINE_HIDPI_IMAGES = YES;
				GCC_PRECOMPILE_PREFIX_HEADER = YES;
				GCC_PREFIX_HEADER = "BibleReadingMenulet/BibleReadingMenulet-Prefix.pch";
				INFOPLIST_FILE = "BibleReadingMenulet/BibleReadingMenulet-Info.plist";
				MACOSX_DEPLOYMENT_TARGET = 10.6;
				PRODUCT_NAME = "$(TARGET_NAME)";
				WRAPPER_EXTENSION = app;
			};
			name = Release;
		};
/* End XCBuildConfiguration section */

/* Begin XCConfigurationList section */
		BA94AB4A149704D30040164E /* Build configuration list for PBXProject "BibleReadingMenulet" */ = {
			isa = XCConfigurationList;
			buildConfigurations = (
				BA94AB6C149704D30040164E /* Debug */,
				BA94AB6D149704D30040164E /* Release */,
			);
			defaultConfigurationIsVisible = 0;
			defaultConfigurationName = Release;
		};
		BA94AB6E149704D30040164E /* Build configuration list for PBXNativeTarget "BibleReadingMenulet" */ = {
			isa = XCConfigurationList;
			buildConfigurations = (
				BA94AB6F149704D30040164E /* Debug */,
				BA94AB70149704D30040164E /* Release */,
			);
			defaultConfigurationIsVisible = 0;
			defaultConfigurationName = Release;
		};
/* End XCConfigurationList section */
	};
	rootObject = BA94AB47149704D30040164E /* Project object */;
}
